{
  "originHash" : "5c1b4024e217a20cb7a60a74cb08163ab09a5e51f2a211396a3dc3a71c3c0930",
  "pins" : [
    {
      "identity" : "capacitor-swift-pm",
      "kind" : "remoteSourceControl",
      "location" : "https://github.com/ionic-team/capacitor-swift-pm.git",
      "state" : {
        "revision" : "0e862e6ff13852a710c8a484180ca4d6a2cc9761",
        "version" : "8.2.0"
      }
    },
    {
      "identity" : "ion-ios-geolocation",
      "kind" : "remoteSourceControl",
      "location" : "https://github.com/ionic-team/ion-ios-geolocation.git",
      "state" : {
        "revision" : "040d62eedbb694fe594706102d017991c4b013ad",
        "version" : "2.1.0"
      }
    }
  ],
  "version" : 3
}
